
Microsoft Visual Studio Solution File, Format Version 12.00
# Visual Studio 15
Project("{FAE04EC0-301F-11D3-BF4B-00C04F79EFBC}") = "Assembly-CSharp-firstpass", "Assembly-CSharp-firstpass.csproj", "{0E611CE9-2BC1-E7FE-5346-EB74B14B55FC}"
EndProject
Project("{FAE04EC0-301F-11D3-BF4B-00C04F79EFBC}") = "Assembly-CSharp", "Assembly-CSharp.csproj", "{54520C10-9CC4-B046-028D-CEF1ADCA9B37}"
EndProject
Global
	GlobalSection(SolutionConfigurationPlatforms) = preSolution
		Debug|Any CPU = Debug|Any CPU
		Release|Any CPU = Release|Any CPU
	EndGlobalSection
	GlobalSection(ProjectConfigurationPlatforms) = postSolution
		{0E611CE9-2BC1-E7FE-5346-EB74B14B55FC}.Debug|Any CPU.ActiveCfg = Debug|Any CPU
		{0E611CE9-2BC1-E7FE-5346-EB74B14B55FC}.Debug|Any CPU.Build.0 = Debug|Any CPU
		{0E611CE9-2BC1-E7FE-5346-EB74B14B55FC}.Release|Any CPU.ActiveCfg = Release|Any CPU
		{0E611CE9-2BC1-E7FE-5346-EB74B14B55FC}.Release|Any CPU.Build.0 = Release|Any CPU
		{54520C10-9CC4-B046-028D-CEF1ADCA9B37}.Debug|Any CPU.ActiveCfg = Debug|Any CPU
		{54520C10-9CC4-B046-028D-CEF1ADCA9B37}.Debug|Any CPU.Build.0 = Debug|Any CPU
		{54520C10-9CC4-B046-028D-CEF1ADCA9B37}.Release|Any CPU.ActiveCfg = Release|Any CPU
		{54520C10-9CC4-B046-028D-CEF1ADCA9B37}.Release|Any CPU.Build.0 = Release|Any CPU
	EndGlobalSection
	GlobalSection(SolutionProperties) = preSolution
		HideSolutionNode = FALSE
	EndGlobalSection
EndGlobal
